
Microsoft Visual Studio Solution File, Format Version 12.00
# Visual Studio Version 17
VisualStudioVersion = 17.5.33424.131
MinimumVisualStudioVersion = 10.0.40219.1
Project("{FAE04EC0-301F-11D3-BF4B-00C04F79EFBC}") = "AkbilYonetimiUI", "AkbilYonetimiUI\AkbilYonetimiUI.csproj", "{FE2625EE-3BA5-4358-8784-86471DB28006}"
EndProject
Global
	GlobalSection(SolutionConfigurationPlatforms) = preSolution
		Debug|Any CPU = Debug|Any CPU
		Release|Any CPU = Release|Any CPU
	EndGlobalSection
	GlobalSection(ProjectConfigurationPlatforms) = postSolution
		{FE2625EE-3BA5-4358-8784-86471DB28006}.Debug|Any CPU.ActiveCfg = Debug|Any CPU
		{FE2625EE-3BA5-4358-8784-86471DB28006}.Debug|Any CPU.Build.0 = Debug|Any CPU
		{FE2625EE-3BA5-4358-8784-86471DB28006}.Release|Any CPU.ActiveCfg = Release|Any CPU
		{FE2625EE-3BA5-4358-8784-86471DB28006}.Release|Any CPU.Build.0 = Release|Any CPU
	EndGlobalSection
	GlobalSection(SolutionProperties) = preSolution
		HideSolutionNode = FALSE
	EndGlobalSection
	GlobalSection(ExtensibilityGlobals) = postSolution
		SolutionGuid = {80EB1BE1-2AF5-42B1-81C9-434C64D860E4}
	EndGlobalSection
EndGlobal
